// !$*UTF8*$!
{
	archiveVersion = 1;
	classes = {
	};
	objectVersion = 56;
	objects = {

/* Begin PBXBuildFile section */
		A01234560001 /* GlucoBarApp.swift in Sources */ = {isa = PBXBuildFile; fileRef = A01234570001 /* GlucoBarApp.swift */; };
		A01234560002 /* GlucoseReading.swift in Sources */ = {isa = PBXBuildFile; fileRef = A01234570002 /* GlucoseReading.swift */; };
		A01234560003 /* GlucoseRange.swift in Sources */ = {isa = PBXBuildFile; fileRef = A01234570003 /* GlucoseRange.swift */; };
		A01234560004 /* TrendArrow.swift in Sources */ = {isa = PBXBuildFile; fileRef = A01234570004 /* TrendArrow.swift */; };
		A01234560005 /* KeychainHelper.swift in Sources */ = {isa = PBXBuildFile; fileRef = A01234570005 /* KeychainHelper.swift */; };
		A01234560006 /* DexcomShareService.swift in Sources */ = {isa = PBXBuildFile; fileRef = A01234570006 /* DexcomShareService.swift */; };
		A01234560007 /* GlucoseMonitor.swift in Sources */ = {isa = PBXBuildFile; fileRef = A01234570007 /* GlucoseMonitor.swift */; };
		A01234560008 /* MenuBarView.swift in Sources */ = {isa = PBXBuildFile; fileRef = A01234570008 /* MenuBarView.swift */; };
		A01234560009 /* GlucoseGraphView.swift in Sources */ = {isa = PBXBuildFile; fileRef = A01234570009 /* GlucoseGraphView.swift */; };
		A01234560010 /* Assets.xcassets in Resources */ = {isa = PBXBuildFile; fileRef = A01234570010 /* Assets.xcassets */; };
		A01234560011 /* LaunchAtLogin.swift in Sources */ = {isa = PBXBuildFile; fileRef = A01234570013 /* LaunchAtLogin.swift */; };
		A01234560012 /* GlucoseDataSource.swift in Sources */ = {isa = PBXBuildFile; fileRef = A01234570014 /* GlucoseDataSource.swift */; };
		A01234560013 /* CareLinkService.swift in Sources */ = {isa = PBXBuildFile; fileRef = A01234570015 /* CareLinkService.swift */; };
		A01234560014 /* CGMSelectionView.swift in Sources */ = {isa = PBXBuildFile; fileRef = A01234570016 /* CGMSelectionView.swift */; };
		A01234560015 /* CareLinkSettingsView.swift in Sources */ = {isa = PBXBuildFile; fileRef = A01234570017 /* CareLinkSettingsView.swift */; };
		A01234560016 /* LibreLinkUpService.swift in Sources */ = {isa = PBXBuildFile; fileRef = A01234570018 /* LibreLinkUpService.swift */; };
		A01234560017 /* LibreSettingsView.swift in Sources */ = {isa = PBXBuildFile; fileRef = A01234570019 /* LibreSettingsView.swift */; };
/* End PBXBuildFile section */

/* Begin PBXFileReference section */
		A01234580001 /* GlucoBar.app */ = {isa = PBXFileReference; explicitFileType = wrapper.application; includeInIndex = 0; path = GlucoBar.app; sourceTree = BUILT_PRODUCTS_DIR; };
		A01234570001 /* GlucoBarApp.swift */ = {isa = PBXFileReference; lastKnownFileType = sourcecode.swift; path = GlucoBarApp.swift; sourceTree = "<group>"; };
		A01234570002 /* GlucoseReading.swift */ = {isa = PBXFileReference; lastKnownFileType = sourcecode.swift; path = GlucoseReading.swift; sourceTree = "<group>"; };
		A01234570003 /* GlucoseRange.swift */ = {isa = PBXFileReference; lastKnownFileType = sourcecode.swift; path = GlucoseRange.swift; sourceTree = "<group>"; };
		A01234570004 /* TrendArrow.swift */ = {isa = PBXFileReference; lastKnownFileType = sourcecode.swift; path = TrendArrow.swift; sourceTree = "<group>"; };
		A01234570005 /* KeychainHelper.swift */ = {isa = PBXFileReference; lastKnownFileType = sourcecode.swift; path = KeychainHelper.swift; sourceTree = "<group>"; };
		A01234570006 /* DexcomShareService.swift */ = {isa = PBXFileReference; lastKnownFileType = sourcecode.swift; path = DexcomShareService.swift; sourceTree = "<group>"; };
		A01234570007 /* GlucoseMonitor.swift */ = {isa = PBXFileReference; lastKnownFileType = sourcecode.swift; path = GlucoseMonitor.swift; sourceTree = "<group>"; };
		A01234570008 /* MenuBarView.swift */ = {isa = PBXFileReference; lastKnownFileType = sourcecode.swift; path = MenuBarView.swift; sourceTree = "<group>"; };
		A01234570009 /* GlucoseGraphView.swift */ = {isa = PBXFileReference; lastKnownFileType = sourcecode.swift; path = GlucoseGraphView.swift; sourceTree = "<group>"; };
		A01234570010 /* Assets.xcassets */ = {isa = PBXFileReference; lastKnownFileType = folder.assetcatalog; path = Assets.xcassets; sourceTree = "<group>"; };
		A01234570011 /* Info.plist */ = {isa = PBXFileReference; lastKnownFileType = text.plist.xml; path = Info.plist; sourceTree = "<group>"; };
		A01234570012 /* GlucoBar.entitlements */ = {isa = PBXFileReference; lastKnownFileType = text.plist.entitlements; path = GlucoBar.entitlements; sourceTree = "<group>"; };
		A01234570013 /* LaunchAtLogin.swift */ = {isa = PBXFileReference; lastKnownFileType = sourcecode.swift; path = LaunchAtLogin.swift; sourceTree = "<group>"; };
		A01234570014 /* GlucoseDataSource.swift */ = {isa = PBXFileReference; lastKnownFileType = sourcecode.swift; path = GlucoseDataSource.swift; sourceTree = "<group>"; };
		A01234570015 /* CareLinkService.swift */ = {isa = PBXFileReference; lastKnownFileType = sourcecode.swift; path = CareLinkService.swift; sourceTree = "<group>"; };
		A01234570016 /* CGMSelectionView.swift */ = {isa = PBXFileReference; lastKnownFileType = sourcecode.swift; path = CGMSelectionView.swift; sourceTree = "<group>"; };
		A01234570017 /* CareLinkSettingsView.swift */ = {isa = PBXFileReference; lastKnownFileType = sourcecode.swift; path = CareLinkSettingsView.swift; sourceTree = "<group>"; };
		A01234570018 /* LibreLinkUpService.swift */ = {isa = PBXFileReference; lastKnownFileType = sourcecode.swift; path = LibreLinkUpService.swift; sourceTree = "<group>"; };
		A01234570019 /* LibreSettingsView.swift */ = {isa = PBXFileReference; lastKnownFileType = sourcecode.swift; path = LibreSettingsView.swift; sourceTree = "<group>"; };
/* End PBXFileReference section */

/* Begin PBXFrameworksBuildPhase section */
		A01234590001 /* Frameworks */ = {
			isa = PBXFrameworksBuildPhase;
			buildActionMask = 2147483647;
			files = (
			);
			runOnlyForDeploymentPostprocessing = 0;
		};
/* End PBXFrameworksBuildPhase section */

/* Begin PBXGroup section */
		A012345A0001 = {
			isa = PBXGroup;
			children = (
				A012345A0002 /* GlucoBar */,
				A012345A0003 /* Products */,
			);
			sourceTree = "<group>";
		};
		A012345A0002 /* GlucoBar */ = {
			isa = PBXGroup;
			children = (
				A01234570001 /* GlucoBarApp.swift */,
				A01234570011 /* Info.plist */,
				A01234570012 /* GlucoBar.entitlements */,
				A01234570010 /* Assets.xcassets */,
				A012345A0004 /* Models */,
				A012345A0005 /* Views */,
				A012345A0006 /* Services */,
				A012345A0007 /* Utilities */,
			);
			path = GlucoBar;
			sourceTree = "<group>";
		};
		A012345A0003 /* Products */ = {
			isa = PBXGroup;
			children = (
				A01234580001 /* GlucoBar.app */,
			);
			name = Products;
			sourceTree = "<group>";
		};
		A012345A0004 /* Models */ = {
			isa = PBXGroup;
			children = (
				A01234570002 /* GlucoseReading.swift */,
				A01234570003 /* GlucoseRange.swift */,
			);
			path = Models;
			sourceTree = "<group>";
		};
		A012345A0005 /* Views */ = {
			isa = PBXGroup;
			children = (
				A01234570008 /* MenuBarView.swift */,
				A01234570009 /* GlucoseGraphView.swift */,
				A01234570016 /* CGMSelectionView.swift */,
				A01234570017 /* CareLinkSettingsView.swift */,
				A01234570019 /* LibreSettingsView.swift */,
			);
			path = Views;
			sourceTree = "<group>";
		};
		A012345A0006 /* Services */ = {
			isa = PBXGroup;
			children = (
				A01234570014 /* GlucoseDataSource.swift */,
				A01234570006 /* DexcomShareService.swift */,
				A01234570015 /* CareLinkService.swift */,
				A01234570018 /* LibreLinkUpService.swift */,
				A01234570007 /* GlucoseMonitor.swift */,
			);
			path = Services;
			sourceTree = "<group>";
		};
		A012345A0007 /* Utilities */ = {
			isa = PBXGroup;
			children = (
				A01234570004 /* TrendArrow.swift */,
				A01234570005 /* KeychainHelper.swift */,
				A01234570013 /* LaunchAtLogin.swift */,
			);
			path = Utilities;
			sourceTree = "<group>";
		};
/* End PBXGroup section */

/* Begin PBXNativeTarget section */
		A012345B0001 /* GlucoBar */ = {
			isa = PBXNativeTarget;
			buildConfigurationList = A012345C0001 /* Build configuration list for PBXNativeTarget "GlucoBar" */;
			buildPhases = (
				A012345D0001 /* Sources */,
				A01234590001 /* Frameworks */,
				A012345E0001 /* Resources */,
			);
			buildRules = (
			);
			dependencies = (
			);
			name = GlucoBar;
			productName = GlucoBar;
			productReference = A01234580001 /* GlucoBar.app */;
			productType = "com.apple.product-type.application";
		};
/* End PBXNativeTarget section */

/* Begin PBXProject section */
		A012345F0001 /* Project object */ = {
			isa = PBXProject;
			attributes = {
				BuildIndependentTargetsInParallel = 1;
				LastSwiftUpdateCheck = 1500;
				LastUpgradeCheck = 1500;
				TargetAttributes = {
					A012345B0001 = {
						CreatedOnToolsVersion = 15.0;
					};
				};
			};
			buildConfigurationList = A0123460001 /* Build configuration list for PBXProject "GlucoBar" */;
			compatibilityVersion = "Xcode 14.0";
			developmentRegion = en;
			hasScannedForEncodings = 0;
			knownRegions = (
				en,
				Base,
			);
			mainGroup = A012345A0001;
			productRefGroup = A012345A0003 /* Products */;
			projectDirPath = "";
			projectRoot = "";
			targets = (
				A012345B0001 /* GlucoBar */,
			);
		};
/* End PBXProject section */

/* Begin PBXResourcesBuildPhase section */
		A012345E0001 /* Resources */ = {
			isa = PBXResourcesBuildPhase;
			buildActionMask = 2147483647;
			files = (
				A01234560010 /* Assets.xcassets in Resources */,
			);
			runOnlyForDeploymentPostprocessing = 0;
		};
/* End PBXResourcesBuildPhase section */

/* Begin PBXSourcesBuildPhase section */
		A012345D0001 /* Sources */ = {
			isa = PBXSourcesBuildPhase;
			buildActionMask = 2147483647;
			files = (
				A01234560001 /* GlucoBarApp.swift in Sources */,
				A01234560002 /* GlucoseReading.swift in Sources */,
				A01234560003 /* GlucoseRange.swift in Sources */,
				A01234560004 /* TrendArrow.swift in Sources */,
				A01234560005 /* KeychainHelper.swift in Sources */,
				A01234560006 /* DexcomShareService.swift in Sources */,
				A01234560007 /* GlucoseMonitor.swift in Sources */,
				A01234560008 /* MenuBarView.swift in Sources */,
				A01234560009 /* GlucoseGraphView.swift in Sources */,
				A01234560011 /* LaunchAtLogin.swift in Sources */,
				A01234560012 /* GlucoseDataSource.swift in Sources */,
				A01234560013 /* CareLinkService.swift in Sources */,
				A01234560014 /* CGMSelectionView.swift in Sources */,
				A01234560015 /* CareLinkSettingsView.swift in Sources */,
				A01234560016 /* LibreLinkUpService.swift in Sources */,
				A01234560017 /* LibreSettingsView.swift in Sources */,
			);
			runOnlyForDeploymentPostprocessing = 0;
		};
/* End PBXSourcesBuildPhase section */

/* Begin XCBuildConfiguration section */
		A01234610001 /* Debug */ = {
			isa = XCBuildConfiguration;
			buildSettings = {
				ALWAYS_SEARCH_USER_PATHS = NO;
				ASSETCATALOG_COMPILER_GENERATE_SWIFT_ASSET_SYMBOL_EXTENSIONS = YES;
				CLANG_ANALYZER_NONNULL = YES;
				CLANG_ANALYZER_NUMBER_OBJECT_CONVERSION = YES_AGGRESSIVE;
				CLANG_CXX_LANGUAGE_STANDARD = "gnu++20";
				CLANG_ENABLE_MODULES = YES;
				CLANG_ENABLE_OBJC_ARC = YES;
				CLANG_ENABLE_OBJC_WEAK = YES;
				CLANG_WARN_BLOCK_CAPTURE_AUTORELEASING = YES;
				CLANG_WARN_BOOL_CONVERSION = YES;
				CLANG_WARN_COMMA = YES;
				CLANG_WARN_CONSTANT_CONVERSION = YES;
				CLANG_WARN_DEPRECATED_OBJC_IMPLEMENTATIONS = YES;
				CLANG_WARN_DIRECT_OBJC_ISA_USAGE = YES_ERROR;
				CLANG_WARN_DOCUMENTATION_COMMENTS = YES;
				CLANG_WARN_EMPTY_BODY = YES;
				CLANG_WARN_ENUM_CONVERSION = YES;
				CLANG_WARN_INFINITE_RECURSION = YES;
				CLANG_WARN_INT_CONVERSION = YES;
				CLANG_WARN_NON_LITERAL_NULL_CONVERSION = YES;
				CLANG_WARN_OBJC_IMPLICIT_RETAIN_SELF = YES;
				CLANG_WARN_OBJC_LITERAL_CONVERSION = YES;
				CLANG_WARN_OBJC_ROOT_CLASS = YES_ERROR;
				CLANG_WARN_QUOTED_INCLUDE_IN_FRAMEWORK_HEADER = YES;
				CLANG_WARN_RANGE_LOOP_ANALYSIS = YES;
				CLANG_WARN_STRICT_PROTOTYPES = YES;
				CLANG_WARN_SUSPICIOUS_MOVE = YES;
				CLANG_WARN_UNGUARDED_AVAILABILITY = YES_AGGRESSIVE;
				CLANG_WARN_UNREACHABLE_CODE = YES;
				CLANG_WARN__DUPLICATE_METHOD_MATCH = YES;
				COPY_PHASE_STRIP = NO;
				DEBUG_INFORMATION_FORMAT = dwarf;
				ENABLE_STRICT_OBJC_MSGSEND = YES;
				ENABLE_TESTABILITY = YES;
				ENABLE_USER_SCRIPT_SANDBOXING = YES;
				GCC_C_LANGUAGE_STANDARD = gnu17;
				GCC_DYNAMIC_NO_PIC = NO;
				GCC_NO_COMMON_BLOCKS = YES;
				GCC_OPTIMIZATION_LEVEL = 0;
				GCC_PREPROCESSOR_DEFINITIONS = (
					"DEBUG=1",
					"$(inherited)",
				);
				GCC_WARN_64_TO_32_BIT_CONVERSION = YES;
				GCC_WARN_ABOUT_RETURN_TYPE = YES_ERROR;
				GCC_WARN_UNDECLARED_SELECTOR = YES;
				GCC_WARN_UNINITIALIZED_AUTOS = YES_AGGRESSIVE;
				GCC_WARN_UNUSED_FUNCTION = YES;
				GCC_WARN_UNUSED_VARIABLE = YES;
				MACOSX_DEPLOYMENT_TARGET = 14.0;
				MTL_ENABLE_DEBUG_INFO = INCLUDE_SOURCE;
				MTL_FAST_MATH = YES;
				ONLY_ACTIVE_ARCH = YES;
				SDKROOT = macosx;
				SWIFT_ACTIVE_COMPILATION_CONDITIONS = "DEBUG $(inherited)";
				SWIFT_OPTIMIZATION_LEVEL = "-Onone";
			};
			name = Debug;
		};
		A01234610002 /* Release */ = {
			isa = XCBuildConfiguration;
			buildSettings = {
				ALWAYS_SEARCH_USER_PATHS = NO;
				ASSETCATALOG_COMPILER_GENERATE_SWIFT_ASSET_SYMBOL_EXTENSIONS = YES;
				CLANG_ANALYZER_NONNULL = YES;
				CLANG_ANALYZER_NUMBER_OBJECT_CONVERSION = YES_AGGRESSIVE;
				CLANG_CXX_LANGUAGE_STANDARD = "gnu++20";
				CLANG_ENABLE_MODULES = YES;
				CLANG_ENABLE_OBJC_ARC = YES;
				CLANG_ENABLE_OBJC_WEAK = YES;
				CLANG_WARN_BLOCK_CAPTURE_AUTORELEASING = YES;
				CLANG_WARN_BOOL_CONVERSION = YES;
				CLANG_WARN_COMMA = YES;
				CLANG_WARN_CONSTANT_CONVERSION = YES;
				CLANG_WARN_DEPRECATED_OBJC_IMPLEMENTATIONS = YES;
				CLANG_WARN_DIRECT_OBJC_ISA_USAGE = YES_ERROR;
				CLANG_WARN_DOCUMENTATION_COMMENTS = YES;
				CLANG_WARN_EMPTY_BODY = YES;
				CLANG_WARN_ENUM_CONVERSION = YES;
				CLANG_WARN_INFINITE_RECURSION = YES;
				CLANG_WARN_INT_CONVERSION = YES;
				CLANG_WARN_NON_LITERAL_NULL_CONVERSION = YES;
				CLANG_WARN_OBJC_IMPLICIT_RETAIN_SELF = YES;
				CLANG_WARN_OBJC_LITERAL_CONVERSION = YES;
				CLANG_WARN_OBJC_ROOT_CLASS = YES_ERROR;
				CLANG_WARN_QUOTED_INCLUDE_IN_FRAMEWORK_HEADER = YES;
				CLANG_WARN_RANGE_LOOP_ANALYSIS = YES;
				CLANG_WARN_STRICT_PROTOTYPES = YES;
				CLANG_WARN_SUSPICIOUS_MOVE = YES;
				CLANG_WARN_UNGUARDED_AVAILABILITY = YES_AGGRESSIVE;
				CLANG_WARN_UNREACHABLE_CODE = YES;
				CLANG_WARN__DUPLICATE_METHOD_MATCH = YES;
				COPY_PHASE_STRIP = NO;
				DEBUG_INFORMATION_FORMAT = "dwarf-with-dsym";
				ENABLE_NS_ASSERTIONS = NO;
				ENABLE_STRICT_OBJC_MSGSEND = YES;
				ENABLE_USER_SCRIPT_SANDBOXING = YES;
				GCC_C_LANGUAGE_STANDARD = gnu17;
				GCC_NO_COMMON_BLOCKS = YES;
				GCC_WARN_64_TO_32_BIT_CONVERSION = YES;
				GCC_WARN_ABOUT_RETURN_TYPE = YES_ERROR;
				GCC_WARN_UNDECLARED_SELECTOR = YES;
				GCC_WARN_UNINITIALIZED_AUTOS = YES_AGGRESSIVE;
				GCC_WARN_UNUSED_FUNCTION = YES;
				GCC_WARN_UNUSED_VARIABLE = YES;
				MACOSX_DEPLOYMENT_TARGET = 14.0;
				MTL_ENABLE_DEBUG_INFO = NO;
				MTL_FAST_MATH = YES;
				SDKROOT = macosx;
				SWIFT_COMPILATION_MODE = wholemodule;
			};
			name = Release;
		};
		A01234620001 /* Debug */ = {
			isa = XCBuildConfiguration;
			buildSettings = {
				ASSETCATALOG_COMPILER_APPICON_NAME = AppIcon;
				ASSETCATALOG_COMPILER_GLOBAL_ACCENT_COLOR_NAME = AccentColor;
				CODE_SIGN_IDENTITY = "-";
				CODE_SIGN_STYLE = Manual;
				COMBINE_HIDPI_IMAGES = YES;
				CURRENT_PROJECT_VERSION = 2;
				DEVELOPMENT_TEAM = "";
				ENABLE_HARDENED_RUNTIME = NO;
				GENERATE_INFOPLIST_FILE = YES;
				INFOPLIST_FILE = GlucoBar/Info.plist;
				INFOPLIST_KEY_LSApplicationCategoryType = "public.app-category.healthcare-fitness";
				INFOPLIST_KEY_LSUIElement = YES;
				INFOPLIST_KEY_NSHumanReadableCopyright = "";
				LD_RUNPATH_SEARCH_PATHS = (
					"$(inherited)",
					"@executable_path/../Frameworks",
				);
				MARKETING_VERSION = 1.1;
				PRODUCT_BUNDLE_IDENTIFIER = com.glucobar.app;
				PRODUCT_NAME = "$(TARGET_NAME)";
				SWIFT_EMIT_LOC_STRINGS = YES;
				SWIFT_VERSION = 5.0;
			};
			name = Debug;
		};
		A01234620002 /* Release */ = {
			isa = XCBuildConfiguration;
			buildSettings = {
				ASSETCATALOG_COMPILER_APPICON_NAME = AppIcon;
				ASSETCATALOG_COMPILER_GLOBAL_ACCENT_COLOR_NAME = AccentColor;
				CODE_SIGN_IDENTITY = "-";
				CODE_SIGN_STYLE = Manual;
				COMBINE_HIDPI_IMAGES = YES;
				CURRENT_PROJECT_VERSION = 2;
				DEVELOPMENT_TEAM = "";
				ENABLE_HARDENED_RUNTIME = NO;
				GENERATE_INFOPLIST_FILE = YES;
				INFOPLIST_FILE = GlucoBar/Info.plist;
				INFOPLIST_KEY_LSApplicationCategoryType = "public.app-category.healthcare-fitness";
				INFOPLIST_KEY_LSUIElement = YES;
				INFOPLIST_KEY_NSHumanReadableCopyright = "";
				LD_RUNPATH_SEARCH_PATHS = (
					"$(inherited)",
					"@executable_path/../Frameworks",
				);
				MARKETING_VERSION = 1.1;
				PRODUCT_BUNDLE_IDENTIFIER = com.glucobar.app;
				PRODUCT_NAME = "$(TARGET_NAME)";
				SWIFT_EMIT_LOC_STRINGS = YES;
				SWIFT_VERSION = 5.0;
			};
			name = Release;
		};
/* End XCBuildConfiguration section */

/* Begin XCConfigurationList section */
		A0123460001 /* Build configuration list for PBXProject "GlucoBar" */ = {
			isa = XCConfigurationList;
			buildConfigurations = (
				A01234610001 /* Debug */,
				A01234610002 /* Release */,
			);
			defaultConfigurationIsVisible = 0;
			defaultConfigurationName = Release;
		};
		A012345C0001 /* Build configuration list for PBXNativeTarget "GlucoBar" */ = {
			isa = XCConfigurationList;
			buildConfigurations = (
				A01234620001 /* Debug */,
				A01234620002 /* Release */,
			);
			defaultConfigurationIsVisible = 0;
			defaultConfigurationName = Release;
		};
/* End XCConfigurationList section */
	};
	rootObject = A012345F0001 /* Project object */;
}
